{
  "originHash" : "65656890a575a600d83cdc333329ac24740683f09dc27f063389e0860555acc2",
  "pins" : [
    {
      "identity" : "clua",
      "kind" : "remoteSourceControl",
      "location" : "https://github.com/SwiftyLua/CLua",
      "state" : {
        "branch" : "main",
        "revision" : "6cbd08845f9746095cf6ddde426acb5cda8a01ac"
      }
    },
    {
      "identity" : "logger",
      "kind" : "remoteSourceControl",
      "location" : "https://github.com/zuzmuz/logger.git",
      "state" : {
        "branch" : "master",
        "revision" : "b152cc4e3e1c5d5e865bea41e8c47d950fa69242"
      }
    },
    {
      "identity" : "lua4swift",
      "kind" : "remoteSourceControl",
      "location" : "https://github.com/SwiftyLua/lua4swift",
      "state" : {
        "branch" : "main",
        "revision" : "7d2cec6ef9abbb3a9325d7bd8fd75928691d94ab"
      }
    },
    {
      "identity" : "swiftylua",
      "kind" : "remoteSourceControl",
      "location" : "https://github.com/SwiftyLua/SwiftyLua.git",
      "state" : {
        "branch" : "main",
        "revision" : "b48ea749f8e31517b420db3bdc506a5d0e22a5a9"
      }
    },
    {
      "identity" : "yams",
      "kind" : "remoteSourceControl",
      "location" : "https://github.com/jpsim/Yams.git",
      "state" : {
        "revision" : "3036ba9d69cf1fd04d433527bc339dc0dc75433d",
        "version" : "5.1.3"
      }
    }
  ],
  "version" : 3
}
